
Microsoft Visual Studio Solution File, Format Version 12.00
# Visual Studio Version 16
VisualStudioVersion = 16.0.32929.386
MinimumVisualStudioVersion = 10.0.40219.1
Project("{FAE04EC0-301F-11D3-BF4B-00C04F79EFBC}") = "frfrccrawler", "frfrccrawler\frfrccrawler.csproj", "{D49F4C40-0CA3-4074-8EC3-8E78F8A1528B}"
EndProject
Global
	GlobalSection(SolutionConfigurationPlatforms) = preSolution
		Debug|Any CPU = Debug|Any CPU
		Release|Any CPU = Release|Any CPU
	EndGlobalSection
	GlobalSection(ProjectConfigurationPlatforms) = postSolution
		{D49F4C40-0CA3-4074-8EC3-8E78F8A1528B}.Debug|Any CPU.ActiveCfg = Debug|Any CPU
		{D49F4C40-0CA3-4074-8EC3-8E78F8A1528B}.Debug|Any CPU.Build.0 = Debug|Any CPU
		{D49F4C40-0CA3-4074-8EC3-8E78F8A1528B}.Release|Any CPU.ActiveCfg = Release|Any CPU
		{D49F4C40-0CA3-4074-8EC3-8E78F8A1528B}.Release|Any CPU.Build.0 = Release|Any CPU
	EndGlobalSection
	GlobalSection(SolutionProperties) = preSolution
		HideSolutionNode = FALSE
	EndGlobalSection
	GlobalSection(ExtensibilityGlobals) = postSolution
		SolutionGuid = {EF342FCD-A489-4ECF-BEBE-2AC6A419D00E}
	EndGlobalSection
EndGlobal
